// !$*UTF8*$!
{
	archiveVersion = 1;
	classes = {
	};
	objectVersion = 56;
	objects = {

/* Begin PBXBuildFile section */
		7A08663F2BCCEC4C00EE338B /* LaunchersView.swift in Sources */ = {isa = PBXBuildFile; fileRef = 7A08663E2BCCEC4C00EE338B /* LaunchersView.swift */; };
		7A0866412BCCEC7000EE338B /* SatellitesView.swift in Sources */ = {isa = PBXBuildFile; fileRef = 7A0866402BCCEC7000EE338B /* SatellitesView.swift */; };
		7A5A52DF2B78EB51006779A4 /* ItemModel.swift in Sources */ = {isa = PBXBuildFile; fileRef = 7A5A52DE2B78EB51006779A4 /* ItemModel.swift */; };
		7A5B93512B71EB8F00D52244 /* NetworkProvider.swift in Sources */ = {isa = PBXBuildFile; fileRef = 7A5B93502B71EB8F00D52244 /* NetworkProvider.swift */; };
		7A5ED70F2B712A3700D3F7C1 /* ISROApp.swift in Sources */ = {isa = PBXBuildFile; fileRef = 7A5ED70E2B712A3700D3F7C1 /* ISROApp.swift */; };
		7A5ED7112B712A3700D3F7C1 /* ContentView.swift in Sources */ = {isa = PBXBuildFile; fileRef = 7A5ED7102B712A3700D3F7C1 /* ContentView.swift */; };
		7A5ED7132B712A3900D3F7C1 /* Assets.xcassets in Resources */ = {isa = PBXBuildFile; fileRef = 7A5ED7122B712A3900D3F7C1 /* Assets.xcassets */; };
		7A5ED7162B712A3900D3F7C1 /* Preview Assets.xcassets in Resources */ = {isa = PBXBuildFile; fileRef = 7A5ED7152B712A3900D3F7C1 /* Preview Assets.xcassets */; };
		7A5ED71D2B712AEC00D3F7C1 /* Items.swift in Sources */ = {isa = PBXBuildFile; fileRef = 7A5ED71C2B712AEC00D3F7C1 /* Items.swift */; };
		7A5ED71F2B712E1900D3F7C1 /* SpacecraftsView.swift in Sources */ = {isa = PBXBuildFile; fileRef = 7A5ED71E2B712E1900D3F7C1 /* SpacecraftsView.swift */; };
		7A71FB212B7642E200201E24 /* CardView.swift in Sources */ = {isa = PBXBuildFile; fileRef = 7A71FB202B7642E200201E24 /* CardView.swift */; };
		7A973BE12BCEA1FB002A71EC /* CentresView.swift in Sources */ = {isa = PBXBuildFile; fileRef = 7A973BE02BCEA1FB002A71EC /* CentresView.swift */; };
		7AB9D1B12BBD926B00C8F025 /* ModelData.swift in Sources */ = {isa = PBXBuildFile; fileRef = 7AB9D1B02BBD926B00C8F025 /* ModelData.swift */; };
		7AD8F7532B88E28E00ECF93E /* Readme.md in Resources */ = {isa = PBXBuildFile; fileRef = 7AD8F7522B88E28E00ECF93E /* Readme.md */; };
/* End PBXBuildFile section */

/* Begin PBXFileReference section */
		7A08663E2BCCEC4C00EE338B /* LaunchersView.swift */ = {isa = PBXFileReference; lastKnownFileType = sourcecode.swift; path = LaunchersView.swift; sourceTree = "<group>"; };
		7A0866402BCCEC7000EE338B /* SatellitesView.swift */ = {isa = PBXFileReference; lastKnownFileType = sourcecode.swift; path = SatellitesView.swift; sourceTree = "<group>"; };
		7A5A52DE2B78EB51006779A4 /* ItemModel.swift */ = {isa = PBXFileReference; lastKnownFileType = sourcecode.swift; path = ItemModel.swift; sourceTree = "<group>"; };
		7A5B93502B71EB8F00D52244 /* NetworkProvider.swift */ = {isa = PBXFileReference; lastKnownFileType = sourcecode.swift; path = NetworkProvider.swift; sourceTree = "<group>"; };
		7A5ED70B2B712A3700D3F7C1 /* ISRO.app */ = {isa = PBXFileReference; explicitFileType = wrapper.application; includeInIndex = 0; path = ISRO.app; sourceTree = BUILT_PRODUCTS_DIR; };
		7A5ED70E2B712A3700D3F7C1 /* ISROApp.swift */ = {isa = PBXFileReference; lastKnownFileType = sourcecode.swift; path = ISROApp.swift; sourceTree = "<group>"; };
		7A5ED7102B712A3700D3F7C1 /* ContentView.swift */ = {isa = PBXFileReference; lastKnownFileType = sourcecode.swift; path = ContentView.swift; sourceTree = "<group>"; };
		7A5ED7122B712A3900D3F7C1 /* Assets.xcassets */ = {isa = PBXFileReference; lastKnownFileType = folder.assetcatalog; path = Assets.xcassets; sourceTree = "<group>"; };
		7A5ED7152B712A3900D3F7C1 /* Preview Assets.xcassets */ = {isa = PBXFileReference; lastKnownFileType = folder.assetcatalog; path = "Preview Assets.xcassets"; sourceTree = "<group>"; };
		7A5ED71C2B712AEC00D3F7C1 /* Items.swift */ = {isa = PBXFileReference; lastKnownFileType = sourcecode.swift; path = Items.swift; sourceTree = "<group>"; };
		7A5ED71E2B712E1900D3F7C1 /* SpacecraftsView.swift */ = {isa = PBXFileReference; lastKnownFileType = sourcecode.swift; path = SpacecraftsView.swift; sourceTree = "<group>"; };
		7A71FB202B7642E200201E24 /* CardView.swift */ = {isa = PBXFileReference; lastKnownFileType = sourcecode.swift; path = CardView.swift; sourceTree = "<group>"; };
		7A973BE02BCEA1FB002A71EC /* CentresView.swift */ = {isa = PBXFileReference; lastKnownFileType = sourcecode.swift; path = CentresView.swift; sourceTree = "<group>"; };
		7AB9D1B02BBD926B00C8F025 /* ModelData.swift */ = {isa = PBXFileReference; lastKnownFileType = sourcecode.swift; path = ModelData.swift; sourceTree = "<group>"; };
		7AD8F7522B88E28E00ECF93E /* Readme.md */ = {isa = PBXFileReference; lastKnownFileType = net.daringfireball.markdown; path = Readme.md; sourceTree = "<group>"; };
/* End PBXFileReference section */

/* Begin PBXFrameworksBuildPhase section */
		7A5ED7082B712A3700D3F7C1 /* Frameworks */ = {
			isa = PBXFrameworksBuildPhase;
			buildActionMask = 2147483647;
			files = (
			);
			runOnlyForDeploymentPostprocessing = 0;
		};
/* End PBXFrameworksBuildPhase section */

/* Begin PBXGroup section */
		7A5ED7022B712A3700D3F7C1 = {
			isa = PBXGroup;
			children = (
				7AD8F7522B88E28E00ECF93E /* Readme.md */,
				7A5ED70D2B712A3700D3F7C1 /* ISRO */,
				7A5ED70C2B712A3700D3F7C1 /* Products */,
			);
			sourceTree = "<group>";
		};
		7A5ED70C2B712A3700D3F7C1 /* Products */ = {
			isa = PBXGroup;
			children = (
				7A5ED70B2B712A3700D3F7C1 /* ISRO.app */,
			);
			name = Products;
			sourceTree = "<group>";
		};
		7A5ED70D2B712A3700D3F7C1 /* ISRO */ = {
			isa = PBXGroup;
			children = (
				7A5ED70E2B712A3700D3F7C1 /* ISROApp.swift */,
				7A6313032B74BBD900AC2157 /* Model */,
				7A5B93502B71EB8F00D52244 /* NetworkProvider.swift */,
				7AB9D1B02BBD926B00C8F025 /* ModelData.swift */,
				7A6312FC2B74BB1B00AC2157 /* Views */,
				7A5ED7122B712A3900D3F7C1 /* Assets.xcassets */,
				7A5ED7142B712A3900D3F7C1 /* Preview Content */,
			);
			path = ISRO;
			sourceTree = "<group>";
		};
		7A5ED7142B712A3900D3F7C1 /* Preview Content */ = {
			isa = PBXGroup;
			children = (
				7A5ED7152B712A3900D3F7C1 /* Preview Assets.xcassets */,
			);
			path = "Preview Content";
			sourceTree = "<group>";
		};
		7A6312FC2B74BB1B00AC2157 /* Views */ = {
			isa = PBXGroup;
			children = (
				7A5ED7102B712A3700D3F7C1 /* ContentView.swift */,
				7A71FB202B7642E200201E24 /* CardView.swift */,
				7A973BE22BCEB2E1002A71EC /* Items */,
			);
			path = Views;
			sourceTree = "<group>";
		};
		7A6313032B74BBD900AC2157 /* Model */ = {
			isa = PBXGroup;
			children = (
				7A5A52DE2B78EB51006779A4 /* ItemModel.swift */,
				7A5ED71C2B712AEC00D3F7C1 /* Items.swift */,
			);
			name = Model;
			sourceTree = "<group>";
		};
		7A973BE22BCEB2E1002A71EC /* Items */ = {
			isa = PBXGroup;
			children = (
				7A5ED71E2B712E1900D3F7C1 /* SpacecraftsView.swift */,
				7A08663E2BCCEC4C00EE338B /* LaunchersView.swift */,
				7A0866402BCCEC7000EE338B /* SatellitesView.swift */,
				7A973BE02BCEA1FB002A71EC /* CentresView.swift */,
			);
			path = Items;
			sourceTree = "<group>";
		};
/* End PBXGroup section */

/* Begin PBXNativeTarget section */
		7A5ED70A2B712A3700D3F7C1 /* ISRO */ = {
			isa = PBXNativeTarget;
			buildConfigurationList = 7A5ED7192B712A3900D3F7C1 /* Build configuration list for PBXNativeTarget "ISRO" */;
			buildPhases = (
				7A5ED7072B712A3700D3F7C1 /* Sources */,
				7A5ED7082B712A3700D3F7C1 /* Frameworks */,
				7A5ED7092B712A3700D3F7C1 /* Resources */,
			);
			buildRules = (
			);
			dependencies = (
			);
			name = ISRO;
			packageProductDependencies = (
			);
			productName = ISRO;
			productReference = 7A5ED70B2B712A3700D3F7C1 /* ISRO.app */;
			productType = "com.apple.product-type.application";
		};
/* End PBXNativeTarget section */

/* Begin PBXProject section */
		7A5ED7032B712A3700D3F7C1 /* Project object */ = {
			isa = PBXProject;
			attributes = {
				BuildIndependentTargetsInParallel = 1;
				LastSwiftUpdateCheck = 1500;
				LastUpgradeCheck = 1500;
				TargetAttributes = {
					7A5ED70A2B712A3700D3F7C1 = {
						CreatedOnToolsVersion = 15.0;
					};
				};
			};
			buildConfigurationList = 7A5ED7062B712A3700D3F7C1 /* Build configuration list for PBXProject "ISRO" */;
			compatibilityVersion = "Xcode 14.0";
			developmentRegion = en;
			hasScannedForEncodings = 0;
			knownRegions = (
				en,
				Base,
			);
			mainGroup = 7A5ED7022B712A3700D3F7C1;
			packageReferences = (
			);
			productRefGroup = 7A5ED70C2B712A3700D3F7C1 /* Products */;
			projectDirPath = "";
			projectRoot = "";
			targets = (
				7A5ED70A2B712A3700D3F7C1 /* ISRO */,
			);
		};
/* End PBXProject section */

/* Begin PBXResourcesBuildPhase section */
		7A5ED7092B712A3700D3F7C1 /* Resources */ = {
			isa = PBXResourcesBuildPhase;
			buildActionMask = 2147483647;
			files = (
				7A5ED7162B712A3900D3F7C1 /* Preview Assets.xcassets in Resources */,
				7A5ED7132B712A3900D3F7C1 /* Assets.xcassets in Resources */,
				7AD8F7532B88E28E00ECF93E /* Readme.md in Resources */,
			);
			runOnlyForDeploymentPostprocessing = 0;
		};
/* End PBXResourcesBuildPhase section */

/* Begin PBXSourcesBuildPhase section */
		7A5ED7072B712A3700D3F7C1 /* Sources */ = {
			isa = PBXSourcesBuildPhase;
			buildActionMask = 2147483647;
			files = (
				7A5B93512B71EB8F00D52244 /* NetworkProvider.swift in Sources */,
				7A973BE12BCEA1FB002A71EC /* CentresView.swift in Sources */,
				7A5ED71D2B712AEC00D3F7C1 /* Items.swift in Sources */,
				7A5A52DF2B78EB51006779A4 /* ItemModel.swift in Sources */,
				7A08663F2BCCEC4C00EE338B /* LaunchersView.swift in Sources */,
				7AB9D1B12BBD926B00C8F025 /* ModelData.swift in Sources */,
				7A71FB212B7642E200201E24 /* CardView.swift in Sources */,
				7A5ED7112B712A3700D3F7C1 /* ContentView.swift in Sources */,
				7A5ED71F2B712E1900D3F7C1 /* SpacecraftsView.swift in Sources */,
				7A0866412BCCEC7000EE338B /* SatellitesView.swift in Sources */,
				7A5ED70F2B712A3700D3F7C1 /* ISROApp.swift in Sources */,
			);
			runOnlyForDeploymentPostprocessing = 0;
		};
/* End PBXSourcesBuildPhase section */

/* Begin XCBuildConfiguration section */
		7A5ED7172B712A3900D3F7C1 /* Debug */ = {
			isa = XCBuildConfiguration;
			buildSettings = {
				ALWAYS_SEARCH_USER_PATHS = NO;
				ASSETCATALOG_COMPILER_GENERATE_SWIFT_ASSET_SYMBOL_EXTENSIONS = YES;
				CLANG_ANALYZER_NONNULL = YES;
				CLANG_ANALYZER_NUMBER_OBJECT_CONVERSION = YES_AGGRESSIVE;
				CLANG_CXX_LANGUAGE_STANDARD = "gnu++20";
				CLANG_ENABLE_MODULES = YES;
				CLANG_ENABLE_OBJC_ARC = YES;
				CLANG_ENABLE_OBJC_WEAK = YES;
				CLANG_WARN_BLOCK_CAPTURE_AUTORELEASING = YES;
				CLANG_WARN_BOOL_CONVERSION = YES;
				CLANG_WARN_COMMA = YES;
				CLANG_WARN_CONSTANT_CONVERSION = YES;
				CLANG_WARN_DEPRECATED_OBJC_IMPLEMENTATIONS = YES;
				CLANG_WARN_DIRECT_OBJC_ISA_USAGE = YES_ERROR;
				CLANG_WARN_DOCUMENTATION_COMMENTS = YES;
				CLANG_WARN_EMPTY_BODY = YES;
				CLANG_WARN_ENUM_CONVERSION = YES;
				CLANG_WARN_INFINITE_RECURSION = YES;
				CLANG_WARN_INT_CONVERSION = YES;
				CLANG_WARN_NON_LITERAL_NULL_CONVERSION = YES;
				CLANG_WARN_OBJC_IMPLICIT_RETAIN_SELF = YES;
				CLANG_WARN_OBJC_LITERAL_CONVERSION = YES;
				CLANG_WARN_OBJC_ROOT_CLASS = YES_ERROR;
				CLANG_WARN_QUOTED_INCLUDE_IN_FRAMEWORK_HEADER = YES;
				CLANG_WARN_RANGE_LOOP_ANALYSIS = YES;
				CLANG_WARN_STRICT_PROTOTYPES = YES;
				CLANG_WARN_SUSPICIOUS_MOVE = YES;
				CLANG_WARN_UNGUARDED_AVAILABILITY = YES_AGGRESSIVE;
				CLANG_WARN_UNREACHABLE_CODE = YES;
				CLANG_WARN__DUPLICATE_METHOD_MATCH = YES;
				COPY_PHASE_STRIP = NO;
				DEBUG_INFORMATION_FORMAT = dwarf;
				ENABLE_STRICT_OBJC_MSGSEND = YES;
				ENABLE_TESTABILITY = YES;
				ENABLE_USER_SCRIPT_SANDBOXING = YES;
				GCC_C_LANGUAGE_STANDARD = gnu17;
				GCC_DYNAMIC_NO_PIC = NO;
				GCC_NO_COMMON_BLOCKS = YES;
				GCC_OPTIMIZATION_LEVEL = 0;
				GCC_PREPROCESSOR_DEFINITIONS = (
					"DEBUG=1",
					"$(inherited)",
				);
				GCC_WARN_64_TO_32_BIT_CONVERSION = YES;
				GCC_WARN_ABOUT_RETURN_TYPE = YES_ERROR;
				GCC_WARN_UNDECLARED_SELECTOR = YES;
				GCC_WARN_UNINITIALIZED_AUTOS = YES_AGGRESSIVE;
				GCC_WARN_UNUSED_FUNCTION = YES;
				GCC_WARN_UNUSED_VARIABLE = YES;
				IPHONEOS_DEPLOYMENT_TARGET = 16.0;
				LOCALIZATION_PREFERS_STRING_CATALOGS = YES;
				MTL_ENABLE_DEBUG_INFO = INCLUDE_SOURCE;
				MTL_FAST_MATH = YES;
				ONLY_ACTIVE_ARCH = YES;
				SDKROOT = iphoneos;
				SWIFT_ACTIVE_COMPILATION_CONDITIONS = "DEBUG $(inherited)";
				SWIFT_OPTIMIZATION_LEVEL = "-Onone";
			};
			name = Debug;
		};
		7A5ED7182B712A3900D3F7C1 /* Release */ = {
			isa = XCBuildConfiguration;
			buildSettings = {
				ALWAYS_SEARCH_USER_PATHS = NO;
				ASSETCATALOG_COMPILER_GENERATE_SWIFT_ASSET_SYMBOL_EXTENSIONS = YES;
				CLANG_ANALYZER_NONNULL = YES;
				CLANG_ANALYZER_NUMBER_OBJECT_CONVERSION = YES_AGGRESSIVE;
				CLANG_CXX_LANGUAGE_STANDARD = "gnu++20";
				CLANG_ENABLE_MODULES = YES;
				CLANG_ENABLE_OBJC_ARC = YES;
				CLANG_ENABLE_OBJC_WEAK = YES;
				CLANG_WARN_BLOCK_CAPTURE_AUTORELEASING = YES;
				CLANG_WARN_BOOL_CONVERSION = YES;
				CLANG_WARN_COMMA = YES;
				CLANG_WARN_CONSTANT_CONVERSION = YES;
				CLANG_WARN_DEPRECATED_OBJC_IMPLEMENTATIONS = YES;
				CLANG_WARN_DIRECT_OBJC_ISA_USAGE = YES_ERROR;
				CLANG_WARN_DOCUMENTATION_COMMENTS = YES;
				CLANG_WARN_EMPTY_BODY = YES;
				CLANG_WARN_ENUM_CONVERSION = YES;
				CLANG_WARN_INFINITE_RECURSION = YES;
				CLANG_WARN_INT_CONVERSION = YES;
				CLANG_WARN_NON_LITERAL_NULL_CONVERSION = YES;
				CLANG_WARN_OBJC_IMPLICIT_RETAIN_SELF = YES;
				CLANG_WARN_OBJC_LITERAL_CONVERSION = YES;
				CLANG_WARN_OBJC_ROOT_CLASS = YES_ERROR;
				CLANG_WARN_QUOTED_INCLUDE_IN_FRAMEWORK_HEADER = YES;
				CLANG_WARN_RANGE_LOOP_ANALYSIS = YES;
				CLANG_WARN_STRICT_PROTOTYPES = YES;
				CLANG_WARN_SUSPICIOUS_MOVE = YES;
				CLANG_WARN_UNGUARDED_AVAILABILITY = YES_AGGRESSIVE;
				CLANG_WARN_UNREACHABLE_CODE = YES;
				CLANG_WARN__DUPLICATE_METHOD_MATCH = YES;
				COPY_PHASE_STRIP = NO;
				DEBUG_INFORMATION_FORMAT = "dwarf-with-dsym";
				ENABLE_NS_ASSERTIONS = NO;
				ENABLE_STRICT_OBJC_MSGSEND = YES;
				ENABLE_USER_SCRIPT_SANDBOXING = YES;
				GCC_C_LANGUAGE_STANDARD = gnu17;
				GCC_NO_COMMON_BLOCKS = YES;
				GCC_WARN_64_TO_32_BIT_CONVERSION = YES;
				GCC_WARN_ABOUT_RETURN_TYPE = YES_ERROR;
				GCC_WARN_UNDECLARED_SELECTOR = YES;
				GCC_WARN_UNINITIALIZED_AUTOS = YES_AGGRESSIVE;
				GCC_WARN_UNUSED_FUNCTION = YES;
				GCC_WARN_UNUSED_VARIABLE = YES;
				IPHONEOS_DEPLOYMENT_TARGET = 16.0;
				LOCALIZATION_PREFERS_STRING_CATALOGS = YES;
				MTL_ENABLE_DEBUG_INFO = NO;
				MTL_FAST_MATH = YES;
				SDKROOT = iphoneos;
				SWIFT_COMPILATION_MODE = wholemodule;
				VALIDATE_PRODUCT = YES;
			};
			name = Release;
		};
		7A5ED71A2B712A3900D3F7C1 /* Debug */ = {
			isa = XCBuildConfiguration;
			buildSettings = {
				ASSETCATALOG_COMPILER_APPICON_NAME = AppIcon;
				ASSETCATALOG_COMPILER_GLOBAL_ACCENT_COLOR_NAME = AccentColor;
				CODE_SIGN_STYLE = Automatic;
				CURRENT_PROJECT_VERSION = 1;
				DEVELOPMENT_ASSET_PATHS = "\"ISRO/Preview Content\"";
				DEVELOPMENT_TEAM = JFBZKLJ68V;
				ENABLE_PREVIEWS = YES;
				GENERATE_INFOPLIST_FILE = YES;
				INFOPLIST_KEY_UIApplicationSceneManifest_Generation = YES;
				INFOPLIST_KEY_UIApplicationSupportsIndirectInputEvents = YES;
				INFOPLIST_KEY_UILaunchScreen_Generation = YES;
				INFOPLIST_KEY_UISupportedInterfaceOrientations = "UIInterfaceOrientationLandscapeLeft UIInterfaceOrientationLandscapeRight UIInterfaceOrientationPortrait";
				INFOPLIST_KEY_UISupportedInterfaceOrientations_iPad = UIInterfaceOrientationPortrait;
				IPHONEOS_DEPLOYMENT_TARGET = 17.0;
				LD_RUNPATH_SEARCH_PATHS = (
					"$(inherited)",
					"@executable_path/Frameworks",
				);
				MARKETING_VERSION = 1.0;
				PRODUCT_BUNDLE_IDENTIFIER = ekukarskiy.ISRO;
				PRODUCT_NAME = "$(TARGET_NAME)";
				SWIFT_EMIT_LOC_STRINGS = YES;
				SWIFT_VERSION = 5.0;
				TARGETED_DEVICE_FAMILY = "1,2";
			};
			name = Debug;
		};
		7A5ED71B2B712A3900D3F7C1 /* Release */ = {
			isa = XCBuildConfiguration;
			buildSettings = {
				ASSETCATALOG_COMPILER_APPICON_NAME = AppIcon;
				ASSETCATALOG_COMPILER_GLOBAL_ACCENT_COLOR_NAME = AccentColor;
				CODE_SIGN_STYLE = Automatic;
				CURRENT_PROJECT_VERSION = 1;
				DEVELOPMENT_ASSET_PATHS = "\"ISRO/Preview Content\"";
				DEVELOPMENT_TEAM = JFBZKLJ68V;
				ENABLE_PREVIEWS = YES;
				GENERATE_INFOPLIST_FILE = YES;
				INFOPLIST_KEY_UIApplicationSceneManifest_Generation = YES;
				INFOPLIST_KEY_UIApplicationSupportsIndirectInputEvents = YES;
				INFOPLIST_KEY_UILaunchScreen_Generation = YES;
				INFOPLIST_KEY_UISupportedInterfaceOrientations = "UIInterfaceOrientationLandscapeLeft UIInterfaceOrientationLandscapeRight UIInterfaceOrientationPortrait";
				INFOPLIST_KEY_UISupportedInterfaceOrientations_iPad = UIInterfaceOrientationPortrait;
				IPHONEOS_DEPLOYMENT_TARGET = 17.0;
				LD_RUNPATH_SEARCH_PATHS = (
					"$(inherited)",
					"@executable_path/Frameworks",
				);
				MARKETING_VERSION = 1.0;
				PRODUCT_BUNDLE_IDENTIFIER = ekukarskiy.ISRO;
				PRODUCT_NAME = "$(TARGET_NAME)";
				SWIFT_EMIT_LOC_STRINGS = YES;
				SWIFT_VERSION = 5.0;
				TARGETED_DEVICE_FAMILY = "1,2";
			};
			name = Release;
		};
/* End XCBuildConfiguration section */

/* Begin XCConfigurationList section */
		7A5ED7062B712A3700D3F7C1 /* Build configuration list for PBXProject "ISRO" */ = {
			isa = XCConfigurationList;
			buildConfigurations = (
				7A5ED7172B712A3900D3F7C1 /* Debug */,
				7A5ED7182B712A3900D3F7C1 /* Release */,
			);
			defaultConfigurationIsVisible = 0;
			defaultConfigurationName = Release;
		};
		7A5ED7192B712A3900D3F7C1 /* Build configuration list for PBXNativeTarget "ISRO" */ = {
			isa = XCConfigurationList;
			buildConfigurations = (
				7A5ED71A2B712A3900D3F7C1 /* Debug */,
				7A5ED71B2B712A3900D3F7C1 /* Release */,
			);
			defaultConfigurationIsVisible = 0;
			defaultConfigurationName = Release;
		};
/* End XCConfigurationList section */
	};
	rootObject = 7A5ED7032B712A3700D3F7C1 /* Project object */;
}
